
Microsoft Visual Studio Solution File, Format Version 12.00
# Visual Studio Version 16
VisualStudioVersion = 25.0.1704.2
MinimumVisualStudioVersion = 10.0.40219.1
Project("{FAE04EC0-301F-11D3-BF4B-00C04F79EFBC}") = "Test", "Test\Test.csproj", "{8C249C17-7ABB-4F18-ACE4-DD65EA788561}"
EndProject
Global
	GlobalSection(SolutionConfigurationPlatforms) = preSolution
		Debug|Any CPU = Debug|Any CPU
		Release|Any CPU = Release|Any CPU
	EndGlobalSection
	GlobalSection(ProjectConfigurationPlatforms) = postSolution
		{8C249C17-7ABB-4F18-ACE4-DD65EA788561}.Debug|Any CPU.ActiveCfg = Debug|Any CPU
		{8C249C17-7ABB-4F18-ACE4-DD65EA788561}.Debug|Any CPU.Build.0 = Debug|Any CPU
		{8C249C17-7ABB-4F18-ACE4-DD65EA788561}.Release|Any CPU.ActiveCfg = Release|Any CPU
		{8C249C17-7ABB-4F18-ACE4-DD65EA788561}.Release|Any CPU.Build.0 = Release|Any CPU
	EndGlobalSection
	GlobalSection(SolutionProperties) = preSolution
		HideSolutionNode = FALSE
	EndGlobalSection
	GlobalSection(ExtensibilityGlobals) = postSolution
		SolutionGuid = {AE758ED3-FE63-4CBD-9F22-C7D6A4DD43A2}
	EndGlobalSection
EndGlobal
